#MicroXplorer Configuration settings - do not modify
ADC1.Channel-1\#ChannelRegularConversion=ADC_CHANNEL_VOPAMP1
ADC1.CommonPathInternal=null|null|null|null
ADC1.IPParameters=Rank-1\#ChannelRegularConversion,Channel-1\#ChannelRegularConversion,SamplingTime-1\#ChannelRegularConversion,OffsetNumber-1\#ChannelRegularConversion,NbrOfConversionFlag,master,CommonPathInternal
ADC1.NbrOfConversionFlag=1
ADC1.OffsetNumber-1\#ChannelRegularConversion=ADC_OFFSET_NONE
ADC1.Rank-1\#ChannelRegularConversion=1
ADC1.SamplingTime-1\#ChannelRegularConversion=ADC_SAMPLETIME_2CYCLES_5
ADC1.master=1
ADC5.Channel-1\#ChannelRegularConversion=ADC_CHANNEL_VOPAMP4
ADC5.CommonPathInternal=null|null|null|null
ADC5.IPParameters=Rank-1\#ChannelRegularConversion,Channel-1\#ChannelRegularConversion,SamplingTime-1\#ChannelRegularConversion,OffsetNumber-1\#ChannelRegularConversion,NbrOfConversionFlag,CommonPathInternal
ADC5.NbrOfConversionFlag=1
ADC5.OffsetNumber-1\#ChannelRegularConversion=ADC_OFFSET_NONE
ADC5.Rank-1\#ChannelRegularConversion=1
ADC5.SamplingTime-1\#ChannelRegularConversion=ADC_SAMPLETIME_2CYCLES_5
CAD.formats=
CAD.pinconfig=
CAD.provider=
DAC1.DAC_Channel-DAC_OUT2=DAC_CHANNEL_2
DAC1.IPParameters=DAC_Channel-DAC_OUT2
DAC3.DAC_Channel-DAC_OUT2_Int=DAC_CHANNEL_2
DAC3.IPParameters=DAC_Channel-DAC_OUT2_Int
File.Version=6
KeepUserPlacement=false
Mcu.CPN=STM32G473CBT3
Mcu.Family=STM32G4
Mcu.IP0=ADC1
Mcu.IP1=ADC5
Mcu.IP10=RCC
Mcu.IP11=SYS
Mcu.IP12=TIM1
Mcu.IP13=USB
Mcu.IP14=USB_DEVICE
Mcu.IP2=DAC1
Mcu.IP3=DAC2
Mcu.IP4=DAC3
Mcu.IP5=NVIC
Mcu.IP6=OPAMP1
Mcu.IP7=OPAMP3
Mcu.IP8=OPAMP4
Mcu.IP9=OPAMP6
Mcu.IPNb=15
Mcu.Name=STM32G473C(B-C-E)Tx
Mcu.Package=LQFP48
Mcu.Pin0=PF0-OSC_IN
Mcu.Pin1=PF1-OSC_OUT
Mcu.Pin10=PB13
Mcu.Pin11=PA11
Mcu.Pin12=PA12
Mcu.Pin13=PA13
Mcu.Pin14=PA14
Mcu.Pin15=PB3
Mcu.Pin16=VP_ADC1_OPAMP_INTERNAL1
Mcu.Pin17=VP_ADC5_OPAMP_INTERNAL4
Mcu.Pin18=VP_DAC3_VS_DACI1
Mcu.Pin19=VP_DAC3_VS_DACI2
Mcu.Pin2=PA3
Mcu.Pin20=VP_SYS_VS_Systick
Mcu.Pin21=VP_TIM1_VS_ClockSourceINT
Mcu.Pin22=VP_USB_DEVICE_VS_USB_DEVICE_CDC_FS
Mcu.Pin3=PA4
Mcu.Pin4=PA5
Mcu.Pin5=PA6
Mcu.Pin6=PA7
Mcu.Pin7=PB1
Mcu.Pin8=PB10
Mcu.Pin9=PB11
Mcu.PinsNb=23
Mcu.ThirdPartyNb=0
Mcu.UserConstants=
Mcu.UserName=STM32G473CBTx
MxCube.Version=6.7.0
MxDb.Version=DB.6.0.70
NVIC.BusFault_IRQn=true\:0\:0\:false\:false\:true\:false\:false\:false
NVIC.DebugMonitor_IRQn=true\:0\:0\:false\:false\:true\:false\:false\:false
NVIC.ForceEnableDMAVector=true
NVIC.HardFault_IRQn=true\:0\:0\:false\:false\:true\:false\:false\:false
NVIC.MemoryManagement_IRQn=true\:0\:0\:false\:false\:true\:false\:false\:false
NVIC.NonMaskableInt_IRQn=true\:0\:0\:false\:false\:true\:false\:false\:false
NVIC.PendSV_IRQn=true\:0\:0\:false\:false\:true\:false\:false\:false
NVIC.PriorityGroup=NVIC_PRIORITYGROUP_4
NVIC.SVCall_IRQn=true\:0\:0\:false\:false\:true\:false\:false\:false
NVIC.SysTick_IRQn=true\:15\:0\:false\:false\:true\:false\:true\:false
NVIC.USB_LP_IRQn=true\:0\:0\:false\:false\:true\:false\:true\:true
NVIC.UsageFault_IRQn=true\:0\:0\:false\:false\:true\:false\:false\:false
PA11.Mode=Device
PA11.Signal=USB_DM
PA12.Mode=Device
PA12.Signal=USB_DP
PA13.Mode=Trace_Asynchronous_SW
PA13.Signal=SYS_JTMS-SWDIO
PA14.Mode=Trace_Asynchronous_SW
PA14.Signal=SYS_JTCK-SWCLK
PA3.Mode=PGA Internally connected_IO0_BIAS
PA3.Signal=OPAMP1_VINM0
PA4.Signal=COMP_DAC11_group
PA5.Signal=COMP_DAC12_group
PA6.Signal=COMP_DAC21_group
PA7.Mode=PGA Internally connected_IO0_BIAS
PA7.Signal=OPAMP1_VINP
PB1.Mode=Follower-DAC_OUT2-INP
PB1.Signal=OPAMP3_VOUT
PB10.Mode=PGA Internally connected_IO0_BIAS
PB10.Signal=OPAMP4_VINM0
PB11.Mode=Follower-DAC_OUT2-INP
PB11.Signal=OPAMP6_VOUT
PB13.Mode=PGA Internally connected_IO0_BIAS
PB13.Signal=OPAMP4_VINP
PB3.Mode=Trace_Asynchronous_SW
PB3.Signal=SYS_JTDO-SWO
PF0-OSC_IN.Mode=HSE-External-Oscillator
PF0-OSC_IN.Signal=RCC_OSC_IN
PF1-OSC_OUT.Mode=HSE-External-Oscillator
PF1-OSC_OUT.Signal=RCC_OSC_OUT
PinOutPanel.RotationAngle=0
ProjectManager.AskForMigrate=true
ProjectManager.BackupPrevious=false
ProjectManager.CompilerOptimize=6
ProjectManager.ComputerToolchain=false
ProjectManager.CoupleFile=false
ProjectManager.CustomerFirmwarePackage=
ProjectManager.DefaultFWLocation=true
ProjectManager.DeletePrevious=true
ProjectManager.DeviceId=STM32G473CBTx
ProjectManager.FirmwarePackage=STM32Cube FW_G4 V1.5.1
ProjectManager.FreePins=false
ProjectManager.HalAssertFull=false
ProjectManager.HeapSize=0x200
ProjectManager.KeepUserCode=true
ProjectManager.LastFirmware=true
ProjectManager.LibraryCopy=1
ProjectManager.MainLocation=Core/Src
ProjectManager.NoMain=false
ProjectManager.PreviousToolchain=
ProjectManager.ProjectBuild=false
ProjectManager.ProjectFileName=stm32g473-2.ioc
ProjectManager.ProjectName=stm32g473-2
ProjectManager.RegisterCallBack=
ProjectManager.StackSize=0x400
ProjectManager.TargetToolchain=STM32CubeIDE
ProjectManager.ToolChainLocation=
ProjectManager.UnderRoot=true
ProjectManager.functionlistsort=1-SystemClock_Config-RCC-false-HAL-false,2-MX_GPIO_Init-GPIO-false-HAL-true,3-MX_ADC1_Init-ADC1-false-HAL-true,4-MX_ADC5_Init-ADC5-false-HAL-true,5-MX_DAC1_Init-DAC1-false-HAL-true,6-MX_DAC2_Init-DAC2-false-HAL-true,7-MX_DAC3_Init-DAC3-false-HAL-true,8-MX_OPAMP1_Init-OPAMP1-false-HAL-true,9-MX_OPAMP3_Init-OPAMP3-false-HAL-true,10-MX_OPAMP4_Init-OPAMP4-false-HAL-true,11-MX_OPAMP6_Init-OPAMP6-false-HAL-true,12-MX_USB_Device_Init-USB_DEVICE-false-HAL-false
RCC.ADC12Freq_Value=143750000
RCC.ADC345Freq_Value=143750000
RCC.AHBFreq_Value=143750000
RCC.APB1Freq_Value=143750000
RCC.APB1TimFreq_Value=143750000
RCC.APB2Freq_Value=143750000
RCC.APB2TimFreq_Value=143750000
RCC.CRSFreq_Value=48000000
RCC.CortexFreq_Value=143750000
RCC.EXTERNAL_CLOCK_VALUE=12288000
RCC.FCLKCortexFreq_Value=143750000
RCC.FDCANFreq_Value=143750000
RCC.FamilyName=M
RCC.HCLKFreq_Value=143750000
RCC.HRTIM1Freq_Value=143750000
RCC.HSE_VALUE=25000000
RCC.HSI48_VALUE=48000000
RCC.HSI_VALUE=16000000
RCC.I2C1Freq_Value=143750000
RCC.I2C2Freq_Value=143750000
RCC.I2C3Freq_Value=143750000
RCC.I2C4Freq_Value=143750000
RCC.I2SFreq_Value=143750000
RCC.IPParameters=ADC12Freq_Value,ADC345Freq_Value,AHBFreq_Value,APB1Freq_Value,APB1TimFreq_Value,APB2Freq_Value,APB2TimFreq_Value,CRSFreq_Value,CortexFreq_Value,EXTERNAL_CLOCK_VALUE,FCLKCortexFreq_Value,FDCANFreq_Value,FamilyName,HCLKFreq_Value,HRTIM1Freq_Value,HSE_VALUE,HSI48_VALUE,HSI_VALUE,I2C1Freq_Value,I2C2Freq_Value,I2C3Freq_Value,I2C4Freq_Value,I2SFreq_Value,LPTIM1Freq_Value,LPUART1Freq_Value,LSCOPinFreq_Value,LSE_VALUE,LSI_VALUE,MCO1PinFreq_Value,PLLM,PLLN,PLLPoutputFreq_Value,PLLQ,PLLQoutputFreq_Value,PLLRCLKFreq_Value,PLLSourceVirtual,PWRFreq_Value,QSPIFreq_Value,RNGFreq_Value,SAI1Freq_Value,SYSCLKFreq_VALUE,SYSCLKSource,USART1Freq_Value,USART2Freq_Value,USART3Freq_Value,USBFreq_Value,VCOInputFreq_Value,VCOOutputFreq_Value
RCC.LPTIM1Freq_Value=143750000
RCC.LPUART1Freq_Value=143750000
RCC.LSCOPinFreq_Value=32000
RCC.LSE_VALUE=32768
RCC.LSI_VALUE=32000
RCC.MCO1PinFreq_Value=16000000
RCC.PLLM=RCC_PLLM_DIV2
RCC.PLLN=23
RCC.PLLPoutputFreq_Value=143750000
RCC.PLLQ=RCC_PLLQ_DIV6
RCC.PLLQoutputFreq_Value=47916666.666666664
RCC.PLLRCLKFreq_Value=143750000
RCC.PLLSourceVirtual=RCC_PLLSOURCE_HSE
RCC.PWRFreq_Value=143750000
RCC.QSPIFreq_Value=143750000
RCC.RNGFreq_Value=47916666.666666664
RCC.SAI1Freq_Value=143750000
RCC.SYSCLKFreq_VALUE=143750000
RCC.SYSCLKSource=RCC_SYSCLKSOURCE_PLLCLK
RCC.USART1Freq_Value=143750000
RCC.USART2Freq_Value=143750000
RCC.USART3Freq_Value=143750000
RCC.USBFreq_Value=47916666.666666664
RCC.VCOInputFreq_Value=12500000
RCC.VCOOutputFreq_Value=287500000
SH.COMP_DAC11_group.0=DAC1_OUT1,DAC_OUT1
SH.COMP_DAC11_group.ConfNb=1
SH.COMP_DAC12_group.0=DAC1_OUT2,DAC_OUT2
SH.COMP_DAC12_group.ConfNb=1
SH.COMP_DAC21_group.0=DAC2_OUT1,DAC_OUT1
SH.COMP_DAC21_group.ConfNb=1
TIM1.CounterMode=TIM_COUNTERMODE_UP
TIM1.IPParameters=Prescaler,CounterMode,PeriodNoDither
TIM1.PeriodNoDither=65535-1
TIM1.Prescaler=143.75-1
USB_DEVICE.CLASS_NAME_FS=CDC
USB_DEVICE.IPParameters=VirtualMode,VirtualModeFS,CLASS_NAME_FS
USB_DEVICE.VirtualMode=Cdc
USB_DEVICE.VirtualModeFS=Cdc_FS
VP_ADC1_OPAMP_INTERNAL1.Mode=IN-OPAMP1
VP_ADC1_OPAMP_INTERNAL1.Signal=ADC1_OPAMP_INTERNAL1
VP_ADC5_OPAMP_INTERNAL4.Mode=IN-OPAMP4
VP_ADC5_OPAMP_INTERNAL4.Signal=ADC5_OPAMP_INTERNAL4
VP_DAC3_VS_DACI1.Mode=DAC_OUT1_Int
VP_DAC3_VS_DACI1.Signal=DAC3_VS_DACI1
VP_DAC3_VS_DACI2.Mode=DAC_OUT2_Int
VP_DAC3_VS_DACI2.Signal=DAC3_VS_DACI2
VP_SYS_VS_Systick.Mode=SysTick
VP_SYS_VS_Systick.Signal=SYS_VS_Systick
VP_TIM1_VS_ClockSourceINT.Mode=Internal
VP_TIM1_VS_ClockSourceINT.Signal=TIM1_VS_ClockSourceINT
VP_USB_DEVICE_VS_USB_DEVICE_CDC_FS.Mode=CDC_FS
VP_USB_DEVICE_VS_USB_DEVICE_CDC_FS.Signal=USB_DEVICE_VS_USB_DEVICE_CDC_FS
board=custom
isbadioc=true
